{
  "lockfileVersion": 1,
  "dependencies": {
    "gql-query-builder": {
      "version": "3.5.0",
      "resolved": "https://registry.npmjs.org/gql-query-builder/-/gql-query-builder-3.5.0.tgz",
      "integrity": "sha512-OQz+YjYVeA9n7o1PkRY2+MYIviXAeSbyDoUJnyHlgAfhIyOsNTsO4V2m9GqvGAm28NwvfZ24BAqMTZvRi9rVIQ=="
    },
    "lodash": {
      "version": "4.17.15",
      "resolved": "https://registry.npmjs.org/lodash/-/lodash-4.17.15.tgz",
      "integrity": "sha512-8xOcRHvCjnocdS5cpwXQXVzmmh5e5+saE2QGoeQmbKmRS6J3VQppPOIt0MnmE+4xlZoumy0GPG0D0MVIQbNA1A=="
    }
  }
}
